{
    "version": 3,
    "terraform_version": "0.11.7",
    "serial": 2,
    "lineage": "1327cc73-73db-18d4-e8a0-8db744c14780",
    "modules": [
        {
            "path": [
                "root"
            ],
            "outputs": {},
            "resources": {
                "aws_internet_gateway.tf_demo_igw": {
                    "type": "aws_internet_gateway",
                    "depends_on": [
                        "aws_vpc.tf_demo_vpc"
                    ],
                    "primary": {
                        "id": "igw-84a191fc",
                        "attributes": {
                            "id": "igw-84a191fc",
                            "tags.%": "1",
                            "tags.Name": "tf_demo_igw",
                            "vpc_id": "vpc-4ae42530"
                        },
                        "meta": {},
                        "tainted": false
                    },
                    "deposed": [],
                    "provider": "provider.aws"
                },
                "aws_route_table.tf_demo_public_rt": {
                    "type": "aws_route_table",
                    "depends_on": [
                        "aws_internet_gateway.tf_demo_igw",
                        "aws_vpc.tf_demo_vpc"
                    ],
                    "primary": {
                        "id": "rtb-8e1586f1",
                        "attributes": {
                            "id": "rtb-8e1586f1",
                            "propagating_vgws.#": "0",
                            "route.#": "1",
                            "route.2654719853.cidr_block": "0.0.0.0/0",
                            "route.2654719853.egress_only_gateway_id": "",
                            "route.2654719853.gateway_id": "igw-84a191fc",
                            "route.2654719853.instance_id": "",
                            "route.2654719853.ipv6_cidr_block": "",
                            "route.2654719853.nat_gateway_id": "",
                            "route.2654719853.network_interface_id": "",
                            "route.2654719853.vpc_peering_connection_id": "",
                            "tags.%": "1",
                            "tags.Name": "tf_demo_public_rt",
                            "vpc_id": "vpc-4ae42530"
                        },
                        "meta": {},
                        "tainted": false
                    },
                    "deposed": [],
                    "provider": "provider.aws"
                },
                "aws_vpc.tf_demo_vpc": {
                    "type": "aws_vpc",
                    "depends_on": [],
                    "primary": {
                        "id": "vpc-4ae42530",
                        "attributes": {
                            "assign_generated_ipv6_cidr_block": "false",
                            "cidr_block": "10.123.0.0/16",
                            "default_network_acl_id": "acl-4787a93d",
                            "default_route_table_id": "rtb-b3188bcc",
                            "default_security_group_id": "sg-e9f562a3",
                            "dhcp_options_id": "dopt-a9f2fed0",
                            "enable_classiclink": "false",
                            "enable_classiclink_dns_support": "false",
                            "enable_dns_hostnames": "true",
                            "enable_dns_support": "true",
                            "id": "vpc-4ae42530",
                            "instance_tenancy": "default",
                            "main_route_table_id": "rtb-b3188bcc",
                            "tags.%": "1",
                            "tags.Name": "tf_demo_vpc"
                        },
                        "meta": {
                            "schema_version": "1"
                        },
                        "tainted": false
                    },
                    "deposed": [],
                    "provider": "provider.aws"
                },
                "data.aws_availability_zones.available": {
                    "type": "aws_availability_zones",
                    "depends_on": [],
                    "primary": {
                        "id": "2018-07-23 10:45:28.995832371 +0000 UTC",
                        "attributes": {
                            "id": "2018-07-23 10:45:28.995832371 +0000 UTC",
                            "names.#": "6",
                            "names.0": "us-east-1a",
                            "names.1": "us-east-1b",
                            "names.2": "us-east-1c",
                            "names.3": "us-east-1d",
                            "names.4": "us-east-1e",
                            "names.5": "us-east-1f"
                        },
                        "meta": {},
                        "tainted": false
                    },
                    "deposed": [],
                    "provider": "provider.aws"
                }
            },
            "depends_on": []
        }
    ]
}
